// !$*UTF8*$!
{
	archiveVersion = 1;
	classes = {
	};
	objectVersion = 55;
	objects = {

/* Begin PBXBuildFile section */
		11486DBF2801A2F5001C89BE /* AppDelegate.swift in Sources */ = {isa = PBXBuildFile; fileRef = 11486DBE2801A2F5001C89BE /* AppDelegate.swift */; };
		11486DC12801A2F5001C89BE /* SceneDelegate.swift in Sources */ = {isa = PBXBuildFile; fileRef = 11486DC02801A2F5001C89BE /* SceneDelegate.swift */; };
		11486DC32801A2F5001C89BE /* ViewController.swift in Sources */ = {isa = PBXBuildFile; fileRef = 11486DC22801A2F5001C89BE /* ViewController.swift */; };
		11486DC62801A2F5001C89BE /* Main.storyboard in Resources */ = {isa = PBXBuildFile; fileRef = 11486DC42801A2F5001C89BE /* Main.storyboard */; };
		11486DC92801A2F5001C89BE /* IOSDoMore.xcdatamodeld in Sources */ = {isa = PBXBuildFile; fileRef = 11486DC72801A2F5001C89BE /* IOSDoMore.xcdatamodeld */; };
		11486DCB2801A2F7001C89BE /* Assets.xcassets in Resources */ = {isa = PBXBuildFile; fileRef = 11486DCA2801A2F7001C89BE /* Assets.xcassets */; };
		11486DCE2801A2F7001C89BE /* LaunchScreen.storyboard in Resources */ = {isa = PBXBuildFile; fileRef = 11486DCC2801A2F7001C89BE /* LaunchScreen.storyboard */; };
		11486DDD2801A6AB001C89BE /* HomeViewController.swift in Sources */ = {isa = PBXBuildFile; fileRef = 11486DDB2801A6AB001C89BE /* HomeViewController.swift */; };
		11486DDE2801A6AB001C89BE /* HomeViewController.xib in Resources */ = {isa = PBXBuildFile; fileRef = 11486DDC2801A6AB001C89BE /* HomeViewController.xib */; };
		11486DE12801AB3E001C89BE /* ScrollViewController.swift in Sources */ = {isa = PBXBuildFile; fileRef = 11486DDF2801AB3D001C89BE /* ScrollViewController.swift */; };
		11486DE22801AB3E001C89BE /* ScrollViewController.xib in Resources */ = {isa = PBXBuildFile; fileRef = 11486DE02801AB3D001C89BE /* ScrollViewController.xib */; };
		11486DE52801AE39001C89BE /* Item.swift in Sources */ = {isa = PBXBuildFile; fileRef = 11486DE42801AE39001C89BE /* Item.swift */; };
		11486DE92801AED0001C89BE /* ItemCollectionViewCell.swift in Sources */ = {isa = PBXBuildFile; fileRef = 11486DE72801AED0001C89BE /* ItemCollectionViewCell.swift */; };
		11486DEA2801AED0001C89BE /* ItemCollectionViewCell.xib in Resources */ = {isa = PBXBuildFile; fileRef = 11486DE82801AED0001C89BE /* ItemCollectionViewCell.xib */; };
/* End PBXBuildFile section */

/* Begin PBXFileReference section */
		11486DBB2801A2F5001C89BE /* IOSDoMore.app */ = {isa = PBXFileReference; explicitFileType = wrapper.application; includeInIndex = 0; path = IOSDoMore.app; sourceTree = BUILT_PRODUCTS_DIR; };
		11486DBE2801A2F5001C89BE /* AppDelegate.swift */ = {isa = PBXFileReference; lastKnownFileType = sourcecode.swift; path = AppDelegate.swift; sourceTree = "<group>"; };
		11486DC02801A2F5001C89BE /* SceneDelegate.swift */ = {isa = PBXFileReference; lastKnownFileType = sourcecode.swift; path = SceneDelegate.swift; sourceTree = "<group>"; };
		11486DC22801A2F5001C89BE /* ViewController.swift */ = {isa = PBXFileReference; lastKnownFileType = sourcecode.swift; path = ViewController.swift; sourceTree = "<group>"; };
		11486DC52801A2F5001C89BE /* Base */ = {isa = PBXFileReference; lastKnownFileType = file.storyboard; name = Base; path = Base.lproj/Main.storyboard; sourceTree = "<group>"; };
		11486DC82801A2F5001C89BE /* IOSDoMore.xcdatamodel */ = {isa = PBXFileReference; lastKnownFileType = wrapper.xcdatamodel; path = IOSDoMore.xcdatamodel; sourceTree = "<group>"; };
		11486DCA2801A2F7001C89BE /* Assets.xcassets */ = {isa = PBXFileReference; lastKnownFileType = folder.assetcatalog; path = Assets.xcassets; sourceTree = "<group>"; };
		11486DCD2801A2F7001C89BE /* Base */ = {isa = PBXFileReference; lastKnownFileType = file.storyboard; name = Base; path = Base.lproj/LaunchScreen.storyboard; sourceTree = "<group>"; };
		11486DCF2801A2F7001C89BE /* Info.plist */ = {isa = PBXFileReference; lastKnownFileType = text.plist.xml; path = Info.plist; sourceTree = "<group>"; };
		11486DDB2801A6AB001C89BE /* HomeViewController.swift */ = {isa = PBXFileReference; lastKnownFileType = sourcecode.swift; path = HomeViewController.swift; sourceTree = "<group>"; };
		11486DDC2801A6AB001C89BE /* HomeViewController.xib */ = {isa = PBXFileReference; lastKnownFileType = file.xib; path = HomeViewController.xib; sourceTree = "<group>"; };
		11486DDF2801AB3D001C89BE /* ScrollViewController.swift */ = {isa = PBXFileReference; lastKnownFileType = sourcecode.swift; path = ScrollViewController.swift; sourceTree = "<group>"; };
		11486DE02801AB3D001C89BE /* ScrollViewController.xib */ = {isa = PBXFileReference; lastKnownFileType = file.xib; path = ScrollViewController.xib; sourceTree = "<group>"; };
		11486DE42801AE39001C89BE /* Item.swift */ = {isa = PBXFileReference; lastKnownFileType = sourcecode.swift; path = Item.swift; sourceTree = "<group>"; };
		11486DE72801AED0001C89BE /* ItemCollectionViewCell.swift */ = {isa = PBXFileReference; lastKnownFileType = sourcecode.swift; path = ItemCollectionViewCell.swift; sourceTree = "<group>"; };
		11486DE82801AED0001C89BE /* ItemCollectionViewCell.xib */ = {isa = PBXFileReference; lastKnownFileType = file.xib; path = ItemCollectionViewCell.xib; sourceTree = "<group>"; };
/* End PBXFileReference section */

/* Begin PBXFrameworksBuildPhase section */
		11486DB82801A2F5001C89BE /* Frameworks */ = {
			isa = PBXFrameworksBuildPhase;
			buildActionMask = 2147483647;
			files = (
			);
			runOnlyForDeploymentPostprocessing = 0;
		};
/* End PBXFrameworksBuildPhase section */

/* Begin PBXGroup section */
		11486DB22801A2F5001C89BE = {
			isa = PBXGroup;
			children = (
				11486DBD2801A2F5001C89BE /* IOSDoMore */,
				11486DBC2801A2F5001C89BE /* Products */,
			);
			sourceTree = "<group>";
		};
		11486DBC2801A2F5001C89BE /* Products */ = {
			isa = PBXGroup;
			children = (
				11486DBB2801A2F5001C89BE /* IOSDoMore.app */,
			);
			name = Products;
			sourceTree = "<group>";
		};
		11486DBD2801A2F5001C89BE /* IOSDoMore */ = {
			isa = PBXGroup;
			children = (
				11486DE62801AEBA001C89BE /* cell */,
				11486DE32801AE2D001C89BE /* models */,
				11486DD62801A5C4001C89BE /* controller */,
				11486DD52801A3E3001C89BE /* appFiles */,
				11486DBE2801A2F5001C89BE /* AppDelegate.swift */,
				11486DC02801A2F5001C89BE /* SceneDelegate.swift */,
				11486DCA2801A2F7001C89BE /* Assets.xcassets */,
				11486DCF2801A2F7001C89BE /* Info.plist */,
			);
			path = IOSDoMore;
			sourceTree = "<group>";
		};
		11486DD52801A3E3001C89BE /* appFiles */ = {
			isa = PBXGroup;
			children = (
				11486DC22801A2F5001C89BE /* ViewController.swift */,
				11486DC42801A2F5001C89BE /* Main.storyboard */,
				11486DCC2801A2F7001C89BE /* LaunchScreen.storyboard */,
				11486DC72801A2F5001C89BE /* IOSDoMore.xcdatamodeld */,
			);
			path = appFiles;
			sourceTree = "<group>";
		};
		11486DD62801A5C4001C89BE /* controller */ = {
			isa = PBXGroup;
			children = (
				11486DDB2801A6AB001C89BE /* HomeViewController.swift */,
				11486DDC2801A6AB001C89BE /* HomeViewController.xib */,
				11486DDF2801AB3D001C89BE /* ScrollViewController.swift */,
				11486DE02801AB3D001C89BE /* ScrollViewController.xib */,
			);
			path = controller;
			sourceTree = "<group>";
		};
		11486DE32801AE2D001C89BE /* models */ = {
			isa = PBXGroup;
			children = (
				11486DE42801AE39001C89BE /* Item.swift */,
			);
			path = models;
			sourceTree = "<group>";
		};
		11486DE62801AEBA001C89BE /* cell */ = {
			isa = PBXGroup;
			children = (
				11486DE72801AED0001C89BE /* ItemCollectionViewCell.swift */,
				11486DE82801AED0001C89BE /* ItemCollectionViewCell.xib */,
			);
			path = cell;
			sourceTree = "<group>";
		};
/* End PBXGroup section */

/* Begin PBXNativeTarget section */
		11486DBA2801A2F5001C89BE /* IOSDoMore */ = {
			isa = PBXNativeTarget;
			buildConfigurationList = 11486DD22801A2F7001C89BE /* Build configuration list for PBXNativeTarget "IOSDoMore" */;
			buildPhases = (
				11486DB72801A2F5001C89BE /* Sources */,
				11486DB82801A2F5001C89BE /* Frameworks */,
				11486DB92801A2F5001C89BE /* Resources */,
			);
			buildRules = (
			);
			dependencies = (
			);
			name = IOSDoMore;
			productName = IOSDoMore;
			productReference = 11486DBB2801A2F5001C89BE /* IOSDoMore.app */;
			productType = "com.apple.product-type.application";
		};
/* End PBXNativeTarget section */

/* Begin PBXProject section */
		11486DB32801A2F5001C89BE /* Project object */ = {
			isa = PBXProject;
			attributes = {
				BuildIndependentTargetsInParallel = 1;
				LastSwiftUpdateCheck = 1330;
				LastUpgradeCheck = 1330;
				TargetAttributes = {
					11486DBA2801A2F5001C89BE = {
						CreatedOnToolsVersion = 13.3;
					};
				};
			};
			buildConfigurationList = 11486DB62801A2F5001C89BE /* Build configuration list for PBXProject "IOSDoMore" */;
			compatibilityVersion = "Xcode 13.0";
			developmentRegion = en;
			hasScannedForEncodings = 0;
			knownRegions = (
				en,
				Base,
			);
			mainGroup = 11486DB22801A2F5001C89BE;
			productRefGroup = 11486DBC2801A2F5001C89BE /* Products */;
			projectDirPath = "";
			projectRoot = "";
			targets = (
				11486DBA2801A2F5001C89BE /* IOSDoMore */,
			);
		};
/* End PBXProject section */

/* Begin PBXResourcesBuildPhase section */
		11486DB92801A2F5001C89BE /* Resources */ = {
			isa = PBXResourcesBuildPhase;
			buildActionMask = 2147483647;
			files = (
				11486DCE2801A2F7001C89BE /* LaunchScreen.storyboard in Resources */,
				11486DCB2801A2F7001C89BE /* Assets.xcassets in Resources */,
				11486DE22801AB3E001C89BE /* ScrollViewController.xib in Resources */,
				11486DEA2801AED0001C89BE /* ItemCollectionViewCell.xib in Resources */,
				11486DC62801A2F5001C89BE /* Main.storyboard in Resources */,
				11486DDE2801A6AB001C89BE /* HomeViewController.xib in Resources */,
			);
			runOnlyForDeploymentPostprocessing = 0;
		};
/* End PBXResourcesBuildPhase section */

/* Begin PBXSourcesBuildPhase section */
		11486DB72801A2F5001C89BE /* Sources */ = {
			isa = PBXSourcesBuildPhase;
			buildActionMask = 2147483647;
			files = (
				11486DDD2801A6AB001C89BE /* HomeViewController.swift in Sources */,
				11486DE12801AB3E001C89BE /* ScrollViewController.swift in Sources */,
				11486DC32801A2F5001C89BE /* ViewController.swift in Sources */,
				11486DBF2801A2F5001C89BE /* AppDelegate.swift in Sources */,
				11486DE52801AE39001C89BE /* Item.swift in Sources */,
				11486DE92801AED0001C89BE /* ItemCollectionViewCell.swift in Sources */,
				11486DC12801A2F5001C89BE /* SceneDelegate.swift in Sources */,
				11486DC92801A2F5001C89BE /* IOSDoMore.xcdatamodeld in Sources */,
			);
			runOnlyForDeploymentPostprocessing = 0;
		};
/* End PBXSourcesBuildPhase section */

/* Begin PBXVariantGroup section */
		11486DC42801A2F5001C89BE /* Main.storyboard */ = {
			isa = PBXVariantGroup;
			children = (
				11486DC52801A2F5001C89BE /* Base */,
			);
			name = Main.storyboard;
			sourceTree = "<group>";
		};
		11486DCC2801A2F7001C89BE /* LaunchScreen.storyboard */ = {
			isa = PBXVariantGroup;
			children = (
				11486DCD2801A2F7001C89BE /* Base */,
			);
			name = LaunchScreen.storyboard;
			sourceTree = "<group>";
		};
/* End PBXVariantGroup section */

/* Begin XCBuildConfiguration section */
		11486DD02801A2F7001C89BE /* Debug */ = {
			isa = XCBuildConfiguration;
			buildSettings = {
				ALWAYS_SEARCH_USER_PATHS = NO;
				CLANG_ANALYZER_NONNULL = YES;
				CLANG_ANALYZER_NUMBER_OBJECT_CONVERSION = YES_AGGRESSIVE;
				CLANG_CXX_LANGUAGE_STANDARD = "gnu++17";
				CLANG_ENABLE_MODULES = YES;
				CLANG_ENABLE_OBJC_ARC = YES;
				CLANG_ENABLE_OBJC_WEAK = YES;
				CLANG_WARN_BLOCK_CAPTURE_AUTORELEASING = YES;
				CLANG_WARN_BOOL_CONVERSION = YES;
				CLANG_WARN_COMMA = YES;
				CLANG_WARN_CONSTANT_CONVERSION = YES;
				CLANG_WARN_DEPRECATED_OBJC_IMPLEMENTATIONS = YES;
				CLANG_WARN_DIRECT_OBJC_ISA_USAGE = YES_ERROR;
				CLANG_WARN_DOCUMENTATION_COMMENTS = YES;
				CLANG_WARN_EMPTY_BODY = YES;
				CLANG_WARN_ENUM_CONVERSION = YES;
				CLANG_WARN_INFINITE_RECURSION = YES;
				CLANG_WARN_INT_CONVERSION = YES;
				CLANG_WARN_NON_LITERAL_NULL_CONVERSION = YES;
				CLANG_WARN_OBJC_IMPLICIT_RETAIN_SELF = YES;
				CLANG_WARN_OBJC_LITERAL_CONVERSION = YES;
				CLANG_WARN_OBJC_ROOT_CLASS = YES_ERROR;
				CLANG_WARN_QUOTED_INCLUDE_IN_FRAMEWORK_HEADER = YES;
				CLANG_WARN_RANGE_LOOP_ANALYSIS = YES;
				CLANG_WARN_STRICT_PROTOTYPES = YES;
				CLANG_WARN_SUSPICIOUS_MOVE = YES;
				CLANG_WARN_UNGUARDED_AVAILABILITY = YES_AGGRESSIVE;
				CLANG_WARN_UNREACHABLE_CODE = YES;
				CLANG_WARN__DUPLICATE_METHOD_MATCH = YES;
				COPY_PHASE_STRIP = NO;
				DEBUG_INFORMATION_FORMAT = dwarf;
				ENABLE_STRICT_OBJC_MSGSEND = YES;
				ENABLE_TESTABILITY = YES;
				GCC_C_LANGUAGE_STANDARD = gnu11;
				GCC_DYNAMIC_NO_PIC = NO;
				GCC_NO_COMMON_BLOCKS = YES;
				GCC_OPTIMIZATION_LEVEL = 0;
				GCC_PREPROCESSOR_DEFINITIONS = (
					"DEBUG=1",
					"$(inherited)",
				);
				GCC_WARN_64_TO_32_BIT_CONVERSION = YES;
				GCC_WARN_ABOUT_RETURN_TYPE = YES_ERROR;
				GCC_WARN_UNDECLARED_SELECTOR = YES;
				GCC_WARN_UNINITIALIZED_AUTOS = YES_AGGRESSIVE;
				GCC_WARN_UNUSED_FUNCTION = YES;
				GCC_WARN_UNUSED_VARIABLE = YES;
				IPHONEOS_DEPLOYMENT_TARGET = 15.4;
				MTL_ENABLE_DEBUG_INFO = INCLUDE_SOURCE;
				MTL_FAST_MATH = YES;
				ONLY_ACTIVE_ARCH = YES;
				SDKROOT = iphoneos;
				SWIFT_ACTIVE_COMPILATION_CONDITIONS = DEBUG;
				SWIFT_OPTIMIZATION_LEVEL = "-Onone";
			};
			name = Debug;
		};
		11486DD12801A2F7001C89BE /* Release */ = {
			isa = XCBuildConfiguration;
			buildSettings = {
				ALWAYS_SEARCH_USER_PATHS = NO;
				CLANG_ANALYZER_NONNULL = YES;
				CLANG_ANALYZER_NUMBER_OBJECT_CONVERSION = YES_AGGRESSIVE;
				CLANG_CXX_LANGUAGE_STANDARD = "gnu++17";
				CLANG_ENABLE_MODULES = YES;
				CLANG_ENABLE_OBJC_ARC = YES;
				CLANG_ENABLE_OBJC_WEAK = YES;
				CLANG_WARN_BLOCK_CAPTURE_AUTORELEASING = YES;
				CLANG_WARN_BOOL_CONVERSION = YES;
				CLANG_WARN_COMMA = YES;
				CLANG_WARN_CONSTANT_CONVERSION = YES;
				CLANG_WARN_DEPRECATED_OBJC_IMPLEMENTATIONS = YES;
				CLANG_WARN_DIRECT_OBJC_ISA_USAGE = YES_ERROR;
				CLANG_WARN_DOCUMENTATION_COMMENTS = YES;
				CLANG_WARN_EMPTY_BODY = YES;
				CLANG_WARN_ENUM_CONVERSION = YES;
				CLANG_WARN_INFINITE_RECURSION = YES;
				CLANG_WARN_INT_CONVERSION = YES;
				CLANG_WARN_NON_LITERAL_NULL_CONVERSION = YES;
				CLANG_WARN_OBJC_IMPLICIT_RETAIN_SELF = YES;
				CLANG_WARN_OBJC_LITERAL_CONVERSION = YES;
				CLANG_WARN_OBJC_ROOT_CLASS = YES_ERROR;
				CLANG_WARN_QUOTED_INCLUDE_IN_FRAMEWORK_HEADER = YES;
				CLANG_WARN_RANGE_LOOP_ANALYSIS = YES;
				CLANG_WARN_STRICT_PROTOTYPES = YES;
				CLANG_WARN_SUSPICIOUS_MOVE = YES;
				CLANG_WARN_UNGUARDED_AVAILABILITY = YES_AGGRESSIVE;
				CLANG_WARN_UNREACHABLE_CODE = YES;
				CLANG_WARN__DUPLICATE_METHOD_MATCH = YES;
				COPY_PHASE_STRIP = NO;
				DEBUG_INFORMATION_FORMAT = "dwarf-with-dsym";
				ENABLE_NS_ASSERTIONS = NO;
				ENABLE_STRICT_OBJC_MSGSEND = YES;
				GCC_C_LANGUAGE_STANDARD = gnu11;
				GCC_NO_COMMON_BLOCKS = YES;
				GCC_WARN_64_TO_32_BIT_CONVERSION = YES;
				GCC_WARN_ABOUT_RETURN_TYPE = YES_ERROR;
				GCC_WARN_UNDECLARED_SELECTOR = YES;
				GCC_WARN_UNINITIALIZED_AUTOS = YES_AGGRESSIVE;
				GCC_WARN_UNUSED_FUNCTION = YES;
				GCC_WARN_UNUSED_VARIABLE = YES;
				IPHONEOS_DEPLOYMENT_TARGET = 15.4;
				MTL_ENABLE_DEBUG_INFO = NO;
				MTL_FAST_MATH = YES;
				SDKROOT = iphoneos;
				SWIFT_COMPILATION_MODE = wholemodule;
				SWIFT_OPTIMIZATION_LEVEL = "-O";
				VALIDATE_PRODUCT = YES;
			};
			name = Release;
		};
		11486DD32801A2F7001C89BE /* Debug */ = {
			isa = XCBuildConfiguration;
			buildSettings = {
				ASSETCATALOG_COMPILER_APPICON_NAME = AppIcon;
				ASSETCATALOG_COMPILER_GLOBAL_ACCENT_COLOR_NAME = AccentColor;
				CODE_SIGN_STYLE = Automatic;
				CURRENT_PROJECT_VERSION = 1;
				GENERATE_INFOPLIST_FILE = YES;
				INFOPLIST_FILE = IOSDoMore/Info.plist;
				INFOPLIST_KEY_UIApplicationSupportsIndirectInputEvents = YES;
				INFOPLIST_KEY_UILaunchStoryboardName = LaunchScreen;
				INFOPLIST_KEY_UIMainStoryboardFile = Main;
				INFOPLIST_KEY_UISupportedInterfaceOrientations_iPad = "UIInterfaceOrientationPortrait UIInterfaceOrientationPortraitUpsideDown UIInterfaceOrientationLandscapeLeft UIInterfaceOrientationLandscapeRight";
				INFOPLIST_KEY_UISupportedInterfaceOrientations_iPhone = "UIInterfaceOrientationPortrait UIInterfaceOrientationLandscapeLeft UIInterfaceOrientationLandscapeRight";
				LD_RUNPATH_SEARCH_PATHS = (
					"$(inherited)",
					"@executable_path/Frameworks",
				);
				MARKETING_VERSION = 1.0;
				PRODUCT_BUNDLE_IDENTIFIER = co.abu.IOSDoMore;
				PRODUCT_NAME = "$(TARGET_NAME)";
				SWIFT_EMIT_LOC_STRINGS = YES;
				SWIFT_VERSION = 5.0;
				TARGETED_DEVICE_FAMILY = "1,2";
			};
			name = Debug;
		};
		11486DD42801A2F7001C89BE /* Release */ = {
			isa = XCBuildConfiguration;
			buildSettings = {
				ASSETCATALOG_COMPILER_APPICON_NAME = AppIcon;
				ASSETCATALOG_COMPILER_GLOBAL_ACCENT_COLOR_NAME = AccentColor;
				CODE_SIGN_STYLE = Automatic;
				CURRENT_PROJECT_VERSION = 1;
				GENERATE_INFOPLIST_FILE = YES;
				INFOPLIST_FILE = IOSDoMore/Info.plist;
				INFOPLIST_KEY_UIApplicationSupportsIndirectInputEvents = YES;
				INFOPLIST_KEY_UILaunchStoryboardName = LaunchScreen;
				INFOPLIST_KEY_UIMainStoryboardFile = Main;
				INFOPLIST_KEY_UISupportedInterfaceOrientations_iPad = "UIInterfaceOrientationPortrait UIInterfaceOrientationPortraitUpsideDown UIInterfaceOrientationLandscapeLeft UIInterfaceOrientationLandscapeRight";
				INFOPLIST_KEY_UISupportedInterfaceOrientations_iPhone = "UIInterfaceOrientationPortrait UIInterfaceOrientationLandscapeLeft UIInterfaceOrientationLandscapeRight";
				LD_RUNPATH_SEARCH_PATHS = (
					"$(inherited)",
					"@executable_path/Frameworks",
				);
				MARKETING_VERSION = 1.0;
				PRODUCT_BUNDLE_IDENTIFIER = co.abu.IOSDoMore;
				PRODUCT_NAME = "$(TARGET_NAME)";
				SWIFT_EMIT_LOC_STRINGS = YES;
				SWIFT_VERSION = 5.0;
				TARGETED_DEVICE_FAMILY = "1,2";
			};
			name = Release;
		};
/* End XCBuildConfiguration section */

/* Begin XCConfigurationList section */
		11486DB62801A2F5001C89BE /* Build configuration list for PBXProject "IOSDoMore" */ = {
			isa = XCConfigurationList;
			buildConfigurations = (
				11486DD02801A2F7001C89BE /* Debug */,
				11486DD12801A2F7001C89BE /* Release */,
			);
			defaultConfigurationIsVisible = 0;
			defaultConfigurationName = Release;
		};
		11486DD22801A2F7001C89BE /* Build configuration list for PBXNativeTarget "IOSDoMore" */ = {
			isa = XCConfigurationList;
			buildConfigurations = (
				11486DD32801A2F7001C89BE /* Debug */,
				11486DD42801A2F7001C89BE /* Release */,
			);
			defaultConfigurationIsVisible = 0;
			defaultConfigurationName = Release;
		};
/* End XCConfigurationList section */

/* Begin XCVersionGroup section */
		11486DC72801A2F5001C89BE /* IOSDoMore.xcdatamodeld */ = {
			isa = XCVersionGroup;
			children = (
				11486DC82801A2F5001C89BE /* IOSDoMore.xcdatamodel */,
			);
			currentVersion = 11486DC82801A2F5001C89BE /* IOSDoMore.xcdatamodel */;
			path = IOSDoMore.xcdatamodeld;
			sourceTree = "<group>";
			versionGroupType = wrapper.xcdatamodel;
		};
/* End XCVersionGroup section */
	};
	rootObject = 11486DB32801A2F5001C89BE /* Project object */;
}
